
Microsoft Visual Studio Solution File, Format Version 12.00
# Visual Studio 14
VisualStudioVersion = 14.0.25420.1
MinimumVisualStudioVersion = 10.0.40219.1
Project("{2150E333-8FDC-42A3-9474-1A3956D46DE8}") = "Tests", "Tests", "{1CEC9084-5544-4D0E-B925-DCE323344CCF}"
EndProject
Project("{8BB2217D-0F2D-49D1-97BC-3654ED321F3B}") = "Nugety", "src\Nugety\Nugety.xproj", "{4CB066AA-7A5D-4A72-BDCB-29D3A5E0FDFF}"
EndProject
Project("{8BB2217D-0F2D-49D1-97BC-3654ED321F3B}") = "Nugety.Nuget.Tests", "src\Nugety.Nuget.Tests\Nugety.Nuget.Tests.xproj", "{62685049-EB7C-4D39-B3AD-A9205EEAAC28}"
EndProject
Project("{8BB2217D-0F2D-49D1-97BC-3654ED321F3B}") = "Nugety.AspNetCore", "src\Nugety.AspNetCore\Nugety.AspNetCore.xproj", "{15AF23D4-17D2-44FC-BD5A-5BF86F0ACB50}"
EndProject
Project("{8BB2217D-0F2D-49D1-97BC-3654ED321F3B}") = "Nugety.Nuget", "src\Nugety.Nuget\Nugety.Nuget.xproj", "{C26E091B-1397-406E-9758-4BD4CAB0C2A3}"
EndProject
Project("{8BB2217D-0F2D-49D1-97BC-3654ED321F3B}") = "Nugety.Tests", "src\Nugety.Tests\Nugety.Tests.xproj", "{165647E9-35B5-40F3-B48E-829DF4E8AF62}"
EndProject
Project("{8BB2217D-0F2D-49D1-97BC-3654ED321F3B}") = "Nugety.Tests.Common", "src\Nugety.Tests.Common\Nugety.Tests.Common.xproj", "{6F410A8F-06B6-4D04-A9BB-2AD1916E4806}"
EndProject
Project("{8BB2217D-0F2D-49D1-97BC-3654ED321F3B}") = "Nugety.Tests.Dependency1", "src\Nugety.Tests.Dependency1\Nugety.Tests.Dependency1.xproj", "{E3D7346A-7F0C-4ACA-8CAD-0B3A6C1411C9}"
EndProject
Project("{8BB2217D-0F2D-49D1-97BC-3654ED321F3B}") = "Nugety.Tests.Dependency2", "src\Nugety.Tests.Dependency2\Nugety.Tests.Dependency2.xproj", "{3B8D6245-C434-4947-AEDF-D69A8FD6D261}"
EndProject
Project("{8BB2217D-0F2D-49D1-97BC-3654ED321F3B}") = "Nugety.Tests.Dependency3", "src\Nugety.Tests.Dependency3\Nugety.Tests.Dependency3.xproj", "{E3E607AD-3243-4659-A4A7-5E116151C324}"
EndProject
Project("{8BB2217D-0F2D-49D1-97BC-3654ED321F3B}") = "Nugety.Tests.Module1", "src\Nugety.Tests.Module1\Nugety.Tests.Module1.xproj", "{69643F75-7A3F-4D9C-AD61-9AB37D221A64}"
EndProject
Project("{8BB2217D-0F2D-49D1-97BC-3654ED321F3B}") = "Nugety.Tests.Module2", "src\Nugety.Tests.Module2\Nugety.Tests.Module2.xproj", "{BAE3E1C8-8DB2-47E2-A209-F64B6E1FE212}"
EndProject
Project("{8BB2217D-0F2D-49D1-97BC-3654ED321F3B}") = "Nugety.Tests.Module3", "src\Nugety.Tests.Module3\Nugety.Tests.Module3.xproj", "{6A8D59DA-5B59-471D-88F6-3022389530C0}"
EndProject
Project("{8BB2217D-0F2D-49D1-97BC-3654ED321F3B}") = "Nugety.Tests.Module4", "src\Nugety.Tests.Module4\Nugety.Tests.Module4.xproj", "{119F1B09-1A3A-44E0-9511-6971B1E9E2E4}"
EndProject
Global
	GlobalSection(SolutionConfigurationPlatforms) = preSolution
		Debug|Any CPU = Debug|Any CPU
		Release|Any CPU = Release|Any CPU
	EndGlobalSection
	GlobalSection(ProjectConfigurationPlatforms) = postSolution
		{4CB066AA-7A5D-4A72-BDCB-29D3A5E0FDFF}.Debug|Any CPU.ActiveCfg = Debug|Any CPU
		{4CB066AA-7A5D-4A72-BDCB-29D3A5E0FDFF}.Debug|Any CPU.Build.0 = Debug|Any CPU
		{4CB066AA-7A5D-4A72-BDCB-29D3A5E0FDFF}.Release|Any CPU.ActiveCfg = Release|Any CPU
		{4CB066AA-7A5D-4A72-BDCB-29D3A5E0FDFF}.Release|Any CPU.Build.0 = Release|Any CPU
		{62685049-EB7C-4D39-B3AD-A9205EEAAC28}.Debug|Any CPU.ActiveCfg = Debug|Any CPU
		{62685049-EB7C-4D39-B3AD-A9205EEAAC28}.Debug|Any CPU.Build.0 = Debug|Any CPU
		{62685049-EB7C-4D39-B3AD-A9205EEAAC28}.Release|Any CPU.ActiveCfg = Release|Any CPU
		{62685049-EB7C-4D39-B3AD-A9205EEAAC28}.Release|Any CPU.Build.0 = Release|Any CPU
		{15AF23D4-17D2-44FC-BD5A-5BF86F0ACB50}.Debug|Any CPU.ActiveCfg = Debug|Any CPU
		{15AF23D4-17D2-44FC-BD5A-5BF86F0ACB50}.Debug|Any CPU.Build.0 = Debug|Any CPU
		{15AF23D4-17D2-44FC-BD5A-5BF86F0ACB50}.Release|Any CPU.ActiveCfg = Release|Any CPU
		{15AF23D4-17D2-44FC-BD5A-5BF86F0ACB50}.Release|Any CPU.Build.0 = Release|Any CPU
		{C26E091B-1397-406E-9758-4BD4CAB0C2A3}.Debug|Any CPU.ActiveCfg = Debug|Any CPU
		{C26E091B-1397-406E-9758-4BD4CAB0C2A3}.Debug|Any CPU.Build.0 = Debug|Any CPU
		{C26E091B-1397-406E-9758-4BD4CAB0C2A3}.Release|Any CPU.ActiveCfg = Release|Any CPU
		{C26E091B-1397-406E-9758-4BD4CAB0C2A3}.Release|Any CPU.Build.0 = Release|Any CPU
		{165647E9-35B5-40F3-B48E-829DF4E8AF62}.Debug|Any CPU.ActiveCfg = Debug|Any CPU
		{165647E9-35B5-40F3-B48E-829DF4E8AF62}.Debug|Any CPU.Build.0 = Debug|Any CPU
		{165647E9-35B5-40F3-B48E-829DF4E8AF62}.Release|Any CPU.ActiveCfg = Release|Any CPU
		{165647E9-35B5-40F3-B48E-829DF4E8AF62}.Release|Any CPU.Build.0 = Release|Any CPU
		{6F410A8F-06B6-4D04-A9BB-2AD1916E4806}.Debug|Any CPU.ActiveCfg = Debug|Any CPU
		{6F410A8F-06B6-4D04-A9BB-2AD1916E4806}.Debug|Any CPU.Build.0 = Debug|Any CPU
		{6F410A8F-06B6-4D04-A9BB-2AD1916E4806}.Release|Any CPU.ActiveCfg = Release|Any CPU
		{6F410A8F-06B6-4D04-A9BB-2AD1916E4806}.Release|Any CPU.Build.0 = Release|Any CPU
		{E3D7346A-7F0C-4ACA-8CAD-0B3A6C1411C9}.Debug|Any CPU.ActiveCfg = Debug|Any CPU
		{E3D7346A-7F0C-4ACA-8CAD-0B3A6C1411C9}.Debug|Any CPU.Build.0 = Debug|Any CPU
		{E3D7346A-7F0C-4ACA-8CAD-0B3A6C1411C9}.Release|Any CPU.ActiveCfg = Release|Any CPU
		{E3D7346A-7F0C-4ACA-8CAD-0B3A6C1411C9}.Release|Any CPU.Build.0 = Release|Any CPU
		{3B8D6245-C434-4947-AEDF-D69A8FD6D261}.Debug|Any CPU.ActiveCfg = Debug|Any CPU
		{3B8D6245-C434-4947-AEDF-D69A8FD6D261}.Debug|Any CPU.Build.0 = Debug|Any CPU
		{3B8D6245-C434-4947-AEDF-D69A8FD6D261}.Release|Any CPU.ActiveCfg = Release|Any CPU
		{3B8D6245-C434-4947-AEDF-D69A8FD6D261}.Release|Any CPU.Build.0 = Release|Any CPU
		{E3E607AD-3243-4659-A4A7-5E116151C324}.Debug|Any CPU.ActiveCfg = Debug|Any CPU
		{E3E607AD-3243-4659-A4A7-5E116151C324}.Debug|Any CPU.Build.0 = Debug|Any CPU
		{E3E607AD-3243-4659-A4A7-5E116151C324}.Release|Any CPU.ActiveCfg = Release|Any CPU
		{E3E607AD-3243-4659-A4A7-5E116151C324}.Release|Any CPU.Build.0 = Release|Any CPU
		{69643F75-7A3F-4D9C-AD61-9AB37D221A64}.Debug|Any CPU.ActiveCfg = Debug|Any CPU
		{69643F75-7A3F-4D9C-AD61-9AB37D221A64}.Debug|Any CPU.Build.0 = Debug|Any CPU
		{69643F75-7A3F-4D9C-AD61-9AB37D221A64}.Release|Any CPU.ActiveCfg = Release|Any CPU
		{69643F75-7A3F-4D9C-AD61-9AB37D221A64}.Release|Any CPU.Build.0 = Release|Any CPU
		{BAE3E1C8-8DB2-47E2-A209-F64B6E1FE212}.Debug|Any CPU.ActiveCfg = Debug|Any CPU
		{BAE3E1C8-8DB2-47E2-A209-F64B6E1FE212}.Debug|Any CPU.Build.0 = Debug|Any CPU
		{BAE3E1C8-8DB2-47E2-A209-F64B6E1FE212}.Release|Any CPU.ActiveCfg = Release|Any CPU
		{BAE3E1C8-8DB2-47E2-A209-F64B6E1FE212}.Release|Any CPU.Build.0 = Release|Any CPU
		{6A8D59DA-5B59-471D-88F6-3022389530C0}.Debug|Any CPU.ActiveCfg = Debug|Any CPU
		{6A8D59DA-5B59-471D-88F6-3022389530C0}.Debug|Any CPU.Build.0 = Debug|Any CPU
		{6A8D59DA-5B59-471D-88F6-3022389530C0}.Release|Any CPU.ActiveCfg = Release|Any CPU
		{6A8D59DA-5B59-471D-88F6-3022389530C0}.Release|Any CPU.Build.0 = Release|Any CPU
		{119F1B09-1A3A-44E0-9511-6971B1E9E2E4}.Debug|Any CPU.ActiveCfg = Debug|Any CPU
		{119F1B09-1A3A-44E0-9511-6971B1E9E2E4}.Debug|Any CPU.Build.0 = Debug|Any CPU
		{119F1B09-1A3A-44E0-9511-6971B1E9E2E4}.Release|Any CPU.ActiveCfg = Release|Any CPU
		{119F1B09-1A3A-44E0-9511-6971B1E9E2E4}.Release|Any CPU.Build.0 = Release|Any CPU
	EndGlobalSection
	GlobalSection(SolutionProperties) = preSolution
		HideSolutionNode = FALSE
	EndGlobalSection
	GlobalSection(NestedProjects) = preSolution
		{62685049-EB7C-4D39-B3AD-A9205EEAAC28} = {1CEC9084-5544-4D0E-B925-DCE323344CCF}
		{165647E9-35B5-40F3-B48E-829DF4E8AF62} = {1CEC9084-5544-4D0E-B925-DCE323344CCF}
		{6F410A8F-06B6-4D04-A9BB-2AD1916E4806} = {1CEC9084-5544-4D0E-B925-DCE323344CCF}
		{E3D7346A-7F0C-4ACA-8CAD-0B3A6C1411C9} = {1CEC9084-5544-4D0E-B925-DCE323344CCF}
		{3B8D6245-C434-4947-AEDF-D69A8FD6D261} = {1CEC9084-5544-4D0E-B925-DCE323344CCF}
		{E3E607AD-3243-4659-A4A7-5E116151C324} = {1CEC9084-5544-4D0E-B925-DCE323344CCF}
		{69643F75-7A3F-4D9C-AD61-9AB37D221A64} = {1CEC9084-5544-4D0E-B925-DCE323344CCF}
		{BAE3E1C8-8DB2-47E2-A209-F64B6E1FE212} = {1CEC9084-5544-4D0E-B925-DCE323344CCF}
		{6A8D59DA-5B59-471D-88F6-3022389530C0} = {1CEC9084-5544-4D0E-B925-DCE323344CCF}
		{119F1B09-1A3A-44E0-9511-6971B1E9E2E4} = {1CEC9084-5544-4D0E-B925-DCE323344CCF}
	EndGlobalSection
	GlobalSection(TeamFoundationVersionControl) = preSolution
		SccNumberOfProjects = 10
		SccEnterpriseProvider = {4CA58AB2-18FA-4F8D-95D4-32DDF27D184C}
		SccTeamFoundationServer = https://thinkabout.visualstudio.com/
		SccProjectUniqueName0 = Nugety\\Nugety.xproj
		SccProjectName0 = Nugety
		SccAuxPath0 = https://thinkabout.visualstudio.com
		SccLocalPath0 = Nugety
		SccProvider0 = {4CA58AB2-18FA-4F8D-95D4-32DDF27D184C}
		SccProjectUniqueName1 = Nugety.Nuget.Tests\\Nugety.Nuget.Tests.xproj
		SccProjectTopLevelParentUniqueName1 = Nugety.sln
		SccProjectName1 = Nugety.Nuget.Tests
		SccAuxPath1 = https://thinkabout.visualstudio.com
		SccLocalPath1 = Nugety.Nuget.Tests
		SccProvider1 = {4CA58AB2-18FA-4F8D-95D4-32DDF27D184C}
		SccProjectUniqueName2 = Nugety.AspNetCore\\Nugety.AspNetCore.xproj
		SccProjectName2 = Nugety.AspNetCore
		SccAuxPath2 = https://thinkabout.visualstudio.com
		SccLocalPath2 = Nugety.AspNetCore
		SccProvider2 = {4CA58AB2-18FA-4F8D-95D4-32DDF27D184C}
		SccProjectUniqueName3 = Nugety.Nuget\\Nugety.Nuget.xproj
		SccProjectName3 = Nugety.Nuget
		SccAuxPath3 = https://thinkabout.visualstudio.com
		SccLocalPath3 = Nugety.Nuget
		SccProvider3 = {4CA58AB2-18FA-4F8D-95D4-32DDF27D184C}
		SccProjectUniqueName4 = Nugety.Tests\\Nugety.Tests.xproj
		SccProjectTopLevelParentUniqueName4 = Nugety.sln
		SccProjectName4 = Nugety.Tests
		SccAuxPath4 = https://thinkabout.visualstudio.com
		SccLocalPath4 = Nugety.Tests
		SccProvider4 = {4CA58AB2-18FA-4F8D-95D4-32DDF27D184C}
		SccProjectUniqueName5 = Nugety.Tests.Common\\Nugety.Tests.Common.xproj
		SccProjectTopLevelParentUniqueName5 = Nugety.sln
		SccProjectName5 = Nugety.Tests.Common
		SccAuxPath5 = https://thinkabout.visualstudio.com
		SccLocalPath5 = Nugety.Tests.Common
		SccProvider5 = {4CA58AB2-18FA-4F8D-95D4-32DDF27D184C}
		SccProjectUniqueName6 = Nugety.Tests.Dependency1\\Nugety.Tests.Dependency1.xproj
		SccProjectTopLevelParentUniqueName6 = Nugety.sln
		SccProjectName6 = Nugety.Tests.Dependency1
		SccAuxPath6 = https://thinkabout.visualstudio.com
		SccLocalPath6 = Nugety.Tests.Dependency1
		SccProvider6 = {4CA58AB2-18FA-4F8D-95D4-32DDF27D184C}
		SccProjectUniqueName7 = Nugety.Tests.Module1\\Nugety.Tests.Module1.xproj
		SccProjectTopLevelParentUniqueName7 = Nugety.sln
		SccProjectName7 = Nugety.Tests.Module1
		SccAuxPath7 = https://thinkabout.visualstudio.com
		SccLocalPath7 = Nugety.Tests.Module1
		SccProvider7 = {4CA58AB2-18FA-4F8D-95D4-32DDF27D184C}
		SccProjectUniqueName8 = Nugety.Tests.Module2\\Nugety.Tests.Module2.xproj
		SccProjectTopLevelParentUniqueName8 = Nugety.sln
		SccProjectName8 = Nugety.Tests.Module2
		SccAuxPath8 = https://thinkabout.visualstudio.com
		SccLocalPath8 = Nugety.Tests.Module2
		SccProvider8 = {4CA58AB2-18FA-4F8D-95D4-32DDF27D184C}
		SccProjectUniqueName9 = Nugety.Tests.Module3\\Nugety.Tests.Module3.xproj
		SccProjectTopLevelParentUniqueName9 = Nugety.sln
		SccProjectName9 = Nugety.Tests.Module3
		SccAuxPath9 = https://thinkabout.visualstudio.com
		SccLocalPath9 = Nugety.Tests.Module3
		SccProvider9 = {4CA58AB2-18FA-4F8D-95D4-32DDF27D184C}
	EndGlobalSection
EndGlobal
