
Microsoft Visual Studio Solution File, Format Version 12.00
# Visual Studio 15
VisualStudioVersion = 15.0.26430.12
MinimumVisualStudioVersion = 10.0.40219.1
Project("{9A19103F-16F7-4668-BE54-9A1E7A4F7556}") = "Nugety", "Nugety\Nugety.csproj", "{4CB066AA-7A5D-4A72-BDCB-29D3A5E0FDFF}"
EndProject
Project("{9A19103F-16F7-4668-BE54-9A1E7A4F7556}") = "Nugety.Nuget", "Nugety.Nuget\Nugety.Nuget.csproj", "{C26E091B-1397-406E-9758-4BD4CAB0C2A3}"
EndProject
Project("{9A19103F-16F7-4668-BE54-9A1E7A4F7556}") = "Nugety.AspNetCore", "Nugety.AspNetCore\Nugety.AspNetCore.csproj", "{15AF23D4-17D2-44FC-BD5A-5BF86F0ACB50}"
EndProject
Project("{9A19103F-16F7-4668-BE54-9A1E7A4F7556}") = "Nugety.Autofac", "Nugety.Autofac\Nugety.Autofac.csproj", "{FF3ADB85-F94E-431A-917E-BD8F9755B473}"
EndProject
Project("{FAE04EC0-301F-11D3-BF4B-00C04F79EFBC}") = "Nugety.Project.Dependencies.DependencyCopy", "Nugety.Project.Dependencies.DependencyCopy\Nugety.Project.Dependencies.DependencyCopy.csproj", "{8E16762C-5553-4C74-AE62-D6AF146D7C1B}"
EndProject
Global
	GlobalSection(SolutionConfigurationPlatforms) = preSolution
		Debug|Any CPU = Debug|Any CPU
		Release|Any CPU = Release|Any CPU
	EndGlobalSection
	GlobalSection(ProjectConfigurationPlatforms) = postSolution
		{4CB066AA-7A5D-4A72-BDCB-29D3A5E0FDFF}.Debug|Any CPU.ActiveCfg = Debug|Any CPU
		{4CB066AA-7A5D-4A72-BDCB-29D3A5E0FDFF}.Debug|Any CPU.Build.0 = Debug|Any CPU
		{4CB066AA-7A5D-4A72-BDCB-29D3A5E0FDFF}.Release|Any CPU.ActiveCfg = Release|Any CPU
		{4CB066AA-7A5D-4A72-BDCB-29D3A5E0FDFF}.Release|Any CPU.Build.0 = Release|Any CPU
		{C26E091B-1397-406E-9758-4BD4CAB0C2A3}.Debug|Any CPU.ActiveCfg = Debug|Any CPU
		{C26E091B-1397-406E-9758-4BD4CAB0C2A3}.Debug|Any CPU.Build.0 = Debug|Any CPU
		{C26E091B-1397-406E-9758-4BD4CAB0C2A3}.Release|Any CPU.ActiveCfg = Release|Any CPU
		{C26E091B-1397-406E-9758-4BD4CAB0C2A3}.Release|Any CPU.Build.0 = Release|Any CPU
		{15AF23D4-17D2-44FC-BD5A-5BF86F0ACB50}.Debug|Any CPU.ActiveCfg = Debug|Any CPU
		{15AF23D4-17D2-44FC-BD5A-5BF86F0ACB50}.Debug|Any CPU.Build.0 = Debug|Any CPU
		{15AF23D4-17D2-44FC-BD5A-5BF86F0ACB50}.Release|Any CPU.ActiveCfg = Release|Any CPU
		{15AF23D4-17D2-44FC-BD5A-5BF86F0ACB50}.Release|Any CPU.Build.0 = Release|Any CPU
		{FF3ADB85-F94E-431A-917E-BD8F9755B473}.Debug|Any CPU.ActiveCfg = Debug|Any CPU
		{FF3ADB85-F94E-431A-917E-BD8F9755B473}.Debug|Any CPU.Build.0 = Debug|Any CPU
		{FF3ADB85-F94E-431A-917E-BD8F9755B473}.Release|Any CPU.ActiveCfg = Release|Any CPU
		{FF3ADB85-F94E-431A-917E-BD8F9755B473}.Release|Any CPU.Build.0 = Release|Any CPU
		{8E16762C-5553-4C74-AE62-D6AF146D7C1B}.Debug|Any CPU.ActiveCfg = Debug|Any CPU
		{8E16762C-5553-4C74-AE62-D6AF146D7C1B}.Debug|Any CPU.Build.0 = Debug|Any CPU
		{8E16762C-5553-4C74-AE62-D6AF146D7C1B}.Release|Any CPU.ActiveCfg = Release|Any CPU
		{8E16762C-5553-4C74-AE62-D6AF146D7C1B}.Release|Any CPU.Build.0 = Release|Any CPU
	EndGlobalSection
	GlobalSection(SolutionProperties) = preSolution
		HideSolutionNode = FALSE
	EndGlobalSection
EndGlobal
